
Microsoft Visual Studio Solution File, Format Version 12.00
# Blend for Visual Studio 15
VisualStudioVersion = 15.0.28010.2050
MinimumVisualStudioVersion = 10.0.40219.1
Project("{FAE04EC0-301F-11D3-BF4B-00C04F79EFBC}") = "PimpMyTeam.Android", "PimpMyTeam\PimpMyTeam.Android\PimpMyTeam.Android.csproj", "{2F3BC298-EDBB-48C9-869D-386139ACB52E}"
EndProject
Project("{FAE04EC0-301F-11D3-BF4B-00C04F79EFBC}") = "PimpMyTeam.iOS", "PimpMyTeam\PimpMyTeam.iOS\PimpMyTeam.iOS.csproj", "{7CB60D72-CF15-4C08-A101-74061B50DC8B}"
EndProject
Project("{FAE04EC0-301F-11D3-BF4B-00C04F79EFBC}") = "PimpMyTeam", "PimpMyTeam\PimpMyTeam\PimpMyTeam.csproj", "{2FC6A4D5-501D-49E2-9CCA-31D41F4B917B}"
EndProject
Global
	GlobalSection(SolutionConfigurationPlatforms) = preSolution
		Ad-Hoc|Any CPU = Ad-Hoc|Any CPU
		Ad-Hoc|iPhone = Ad-Hoc|iPhone
		Ad-Hoc|iPhoneSimulator = Ad-Hoc|iPhoneSimulator
		AppStore|Any CPU = AppStore|Any CPU
		AppStore|iPhone = AppStore|iPhone
		AppStore|iPhoneSimulator = AppStore|iPhoneSimulator
		Debug|Any CPU = Debug|Any CPU
		Debug|iPhone = Debug|iPhone
		Debug|iPhoneSimulator = Debug|iPhoneSimulator
		Release|Any CPU = Release|Any CPU
		Release|iPhone = Release|iPhone
		Release|iPhoneSimulator = Release|iPhoneSimulator
	EndGlobalSection
	GlobalSection(ProjectConfigurationPlatforms) = postSolution
		{2F3BC298-EDBB-48C9-869D-386139ACB52E}.Ad-Hoc|Any CPU.ActiveCfg = Release|Any CPU
		{2F3BC298-EDBB-48C9-869D-386139ACB52E}.Ad-Hoc|Any CPU.Build.0 = Release|Any CPU
		{2F3BC298-EDBB-48C9-869D-386139ACB52E}.Ad-Hoc|Any CPU.Deploy.0 = Release|Any CPU
		{2F3BC298-EDBB-48C9-869D-386139ACB52E}.Ad-Hoc|iPhone.ActiveCfg = Release|Any CPU
		{2F3BC298-EDBB-48C9-869D-386139ACB52E}.Ad-Hoc|iPhone.Build.0 = Release|Any CPU
		{2F3BC298-EDBB-48C9-869D-386139ACB52E}.Ad-Hoc|iPhone.Deploy.0 = Release|Any CPU
		{2F3BC298-EDBB-48C9-869D-386139ACB52E}.Ad-Hoc|iPhoneSimulator.ActiveCfg = Release|Any CPU
		{2F3BC298-EDBB-48C9-869D-386139ACB52E}.Ad-Hoc|iPhoneSimulator.Build.0 = Release|Any CPU
		{2F3BC298-EDBB-48C9-869D-386139ACB52E}.Ad-Hoc|iPhoneSimulator.Deploy.0 = Release|Any CPU
		{2F3BC298-EDBB-48C9-869D-386139ACB52E}.AppStore|Any CPU.ActiveCfg = Release|Any CPU
		{2F3BC298-EDBB-48C9-869D-386139ACB52E}.AppStore|Any CPU.Build.0 = Release|Any CPU
		{2F3BC298-EDBB-48C9-869D-386139ACB52E}.AppStore|Any CPU.Deploy.0 = Release|Any CPU
		{2F3BC298-EDBB-48C9-869D-386139ACB52E}.AppStore|iPhone.ActiveCfg = Release|Any CPU
		{2F3BC298-EDBB-48C9-869D-386139ACB52E}.AppStore|iPhone.Build.0 = Release|Any CPU
		{2F3BC298-EDBB-48C9-869D-386139ACB52E}.AppStore|iPhone.Deploy.0 = Release|Any CPU
		{2F3BC298-EDBB-48C9-869D-386139ACB52E}.AppStore|iPhoneSimulator.ActiveCfg = Release|Any CPU
		{2F3BC298-EDBB-48C9-869D-386139ACB52E}.AppStore|iPhoneSimulator.Build.0 = Release|Any CPU
		{2F3BC298-EDBB-48C9-869D-386139ACB52E}.AppStore|iPhoneSimulator.Deploy.0 = Release|Any CPU
		{2F3BC298-EDBB-48C9-869D-386139ACB52E}.Debug|Any CPU.ActiveCfg = Debug|Any CPU
		{2F3BC298-EDBB-48C9-869D-386139ACB52E}.Debug|Any CPU.Build.0 = Debug|Any CPU
		{2F3BC298-EDBB-48C9-869D-386139ACB52E}.Debug|Any CPU.Deploy.0 = Debug|Any CPU
		{2F3BC298-EDBB-48C9-869D-386139ACB52E}.Debug|iPhone.ActiveCfg = Debug|Any CPU
		{2F3BC298-EDBB-48C9-869D-386139ACB52E}.Debug|iPhone.Build.0 = Debug|Any CPU
		{2F3BC298-EDBB-48C9-869D-386139ACB52E}.Debug|iPhone.Deploy.0 = Debug|Any CPU
		{2F3BC298-EDBB-48C9-869D-386139ACB52E}.Debug|iPhoneSimulator.ActiveCfg = Debug|Any CPU
		{2F3BC298-EDBB-48C9-869D-386139ACB52E}.Debug|iPhoneSimulator.Build.0 = Debug|Any CPU
		{2F3BC298-EDBB-48C9-869D-386139ACB52E}.Debug|iPhoneSimulator.Deploy.0 = Debug|Any CPU
		{2F3BC298-EDBB-48C9-869D-386139ACB52E}.Release|Any CPU.ActiveCfg = Release|Any CPU
		{2F3BC298-EDBB-48C9-869D-386139ACB52E}.Release|Any CPU.Build.0 = Release|Any CPU
		{2F3BC298-EDBB-48C9-869D-386139ACB52E}.Release|Any CPU.Deploy.0 = Release|Any CPU
		{2F3BC298-EDBB-48C9-869D-386139ACB52E}.Release|iPhone.ActiveCfg = Release|Any CPU
		{2F3BC298-EDBB-48C9-869D-386139ACB52E}.Release|iPhone.Build.0 = Release|Any CPU
		{2F3BC298-EDBB-48C9-869D-386139ACB52E}.Release|iPhone.Deploy.0 = Release|Any CPU
		{2F3BC298-EDBB-48C9-869D-386139ACB52E}.Release|iPhoneSimulator.ActiveCfg = Release|Any CPU
		{2F3BC298-EDBB-48C9-869D-386139ACB52E}.Release|iPhoneSimulator.Build.0 = Release|Any CPU
		{2F3BC298-EDBB-48C9-869D-386139ACB52E}.Release|iPhoneSimulator.Deploy.0 = Release|Any CPU
		{7CB60D72-CF15-4C08-A101-74061B50DC8B}.Ad-Hoc|Any CPU.ActiveCfg = Ad-Hoc|iPhone
		{7CB60D72-CF15-4C08-A101-74061B50DC8B}.Ad-Hoc|Any CPU.Build.0 = Ad-Hoc|iPhone
		{7CB60D72-CF15-4C08-A101-74061B50DC8B}.Ad-Hoc|Any CPU.Deploy.0 = Ad-Hoc|iPhone
		{7CB60D72-CF15-4C08-A101-74061B50DC8B}.Ad-Hoc|iPhone.ActiveCfg = Ad-Hoc|iPhone
		{7CB60D72-CF15-4C08-A101-74061B50DC8B}.Ad-Hoc|iPhone.Build.0 = Ad-Hoc|iPhone
		{7CB60D72-CF15-4C08-A101-74061B50DC8B}.Ad-Hoc|iPhone.Deploy.0 = Ad-Hoc|iPhone
		{7CB60D72-CF15-4C08-A101-74061B50DC8B}.Ad-Hoc|iPhoneSimulator.ActiveCfg = Ad-Hoc|iPhoneSimulator
		{7CB60D72-CF15-4C08-A101-74061B50DC8B}.Ad-Hoc|iPhoneSimulator.Build.0 = Ad-Hoc|iPhoneSimulator
		{7CB60D72-CF15-4C08-A101-74061B50DC8B}.Ad-Hoc|iPhoneSimulator.Deploy.0 = Ad-Hoc|iPhoneSimulator
		{7CB60D72-CF15-4C08-A101-74061B50DC8B}.AppStore|Any CPU.ActiveCfg = AppStore|iPhone
		{7CB60D72-CF15-4C08-A101-74061B50DC8B}.AppStore|Any CPU.Build.0 = AppStore|iPhone
		{7CB60D72-CF15-4C08-A101-74061B50DC8B}.AppStore|Any CPU.Deploy.0 = AppStore|iPhone
		{7CB60D72-CF15-4C08-A101-74061B50DC8B}.AppStore|iPhone.ActiveCfg = AppStore|iPhone
		{7CB60D72-CF15-4C08-A101-74061B50DC8B}.AppStore|iPhone.Build.0 = AppStore|iPhone
		{7CB60D72-CF15-4C08-A101-74061B50DC8B}.AppStore|iPhone.Deploy.0 = AppStore|iPhone
		{7CB60D72-CF15-4C08-A101-74061B50DC8B}.AppStore|iPhoneSimulator.ActiveCfg = AppStore|iPhoneSimulator
		{7CB60D72-CF15-4C08-A101-74061B50DC8B}.AppStore|iPhoneSimulator.Build.0 = AppStore|iPhoneSimulator
		{7CB60D72-CF15-4C08-A101-74061B50DC8B}.AppStore|iPhoneSimulator.Deploy.0 = AppStore|iPhoneSimulator
		{7CB60D72-CF15-4C08-A101-74061B50DC8B}.Debug|Any CPU.ActiveCfg = Debug|iPhoneSimulator
		{7CB60D72-CF15-4C08-A101-74061B50DC8B}.Debug|Any CPU.Build.0 = Debug|iPhoneSimulator
		{7CB60D72-CF15-4C08-A101-74061B50DC8B}.Debug|Any CPU.Deploy.0 = Debug|iPhoneSimulator
		{7CB60D72-CF15-4C08-A101-74061B50DC8B}.Debug|iPhone.ActiveCfg = Debug|iPhone
		{7CB60D72-CF15-4C08-A101-74061B50DC8B}.Debug|iPhone.Build.0 = Debug|iPhone
		{7CB60D72-CF15-4C08-A101-74061B50DC8B}.Debug|iPhone.Deploy.0 = Debug|iPhone
		{7CB60D72-CF15-4C08-A101-74061B50DC8B}.Debug|iPhoneSimulator.ActiveCfg = Debug|iPhoneSimulator
		{7CB60D72-CF15-4C08-A101-74061B50DC8B}.Debug|iPhoneSimulator.Build.0 = Debug|iPhoneSimulator
		{7CB60D72-CF15-4C08-A101-74061B50DC8B}.Debug|iPhoneSimulator.Deploy.0 = Debug|iPhoneSimulator
		{7CB60D72-CF15-4C08-A101-74061B50DC8B}.Release|Any CPU.ActiveCfg = Release|iPhone
		{7CB60D72-CF15-4C08-A101-74061B50DC8B}.Release|Any CPU.Build.0 = Release|iPhone
		{7CB60D72-CF15-4C08-A101-74061B50DC8B}.Release|Any CPU.Deploy.0 = Release|iPhone
		{7CB60D72-CF15-4C08-A101-74061B50DC8B}.Release|iPhone.ActiveCfg = Release|iPhone
		{7CB60D72-CF15-4C08-A101-74061B50DC8B}.Release|iPhone.Build.0 = Release|iPhone
		{7CB60D72-CF15-4C08-A101-74061B50DC8B}.Release|iPhone.Deploy.0 = Release|iPhone
		{7CB60D72-CF15-4C08-A101-74061B50DC8B}.Release|iPhoneSimulator.ActiveCfg = Release|iPhoneSimulator
		{7CB60D72-CF15-4C08-A101-74061B50DC8B}.Release|iPhoneSimulator.Build.0 = Release|iPhoneSimulator
		{7CB60D72-CF15-4C08-A101-74061B50DC8B}.Release|iPhoneSimulator.Deploy.0 = Release|iPhoneSimulator
		{2FC6A4D5-501D-49E2-9CCA-31D41F4B917B}.Ad-Hoc|Any CPU.ActiveCfg = Debug|Any CPU
		{2FC6A4D5-501D-49E2-9CCA-31D41F4B917B}.Ad-Hoc|Any CPU.Build.0 = Debug|Any CPU
		{2FC6A4D5-501D-49E2-9CCA-31D41F4B917B}.Ad-Hoc|Any CPU.Deploy.0 = Debug|Any CPU
		{2FC6A4D5-501D-49E2-9CCA-31D41F4B917B}.Ad-Hoc|iPhone.ActiveCfg = Debug|Any CPU
		{2FC6A4D5-501D-49E2-9CCA-31D41F4B917B}.Ad-Hoc|iPhone.Build.0 = Debug|Any CPU
		{2FC6A4D5-501D-49E2-9CCA-31D41F4B917B}.Ad-Hoc|iPhone.Deploy.0 = Debug|Any CPU
		{2FC6A4D5-501D-49E2-9CCA-31D41F4B917B}.Ad-Hoc|iPhoneSimulator.ActiveCfg = Debug|Any CPU
		{2FC6A4D5-501D-49E2-9CCA-31D41F4B917B}.Ad-Hoc|iPhoneSimulator.Build.0 = Debug|Any CPU
		{2FC6A4D5-501D-49E2-9CCA-31D41F4B917B}.Ad-Hoc|iPhoneSimulator.Deploy.0 = Debug|Any CPU
		{2FC6A4D5-501D-49E2-9CCA-31D41F4B917B}.AppStore|Any CPU.ActiveCfg = Debug|Any CPU
		{2FC6A4D5-501D-49E2-9CCA-31D41F4B917B}.AppStore|Any CPU.Build.0 = Debug|Any CPU
		{2FC6A4D5-501D-49E2-9CCA-31D41F4B917B}.AppStore|Any CPU.Deploy.0 = Debug|Any CPU
		{2FC6A4D5-501D-49E2-9CCA-31D41F4B917B}.AppStore|iPhone.ActiveCfg = Debug|Any CPU
		{2FC6A4D5-501D-49E2-9CCA-31D41F4B917B}.AppStore|iPhone.Build.0 = Debug|Any CPU
		{2FC6A4D5-501D-49E2-9CCA-31D41F4B917B}.AppStore|iPhone.Deploy.0 = Debug|Any CPU
		{2FC6A4D5-501D-49E2-9CCA-31D41F4B917B}.AppStore|iPhoneSimulator.ActiveCfg = Debug|Any CPU
		{2FC6A4D5-501D-49E2-9CCA-31D41F4B917B}.AppStore|iPhoneSimulator.Build.0 = Debug|Any CPU
		{2FC6A4D5-501D-49E2-9CCA-31D41F4B917B}.AppStore|iPhoneSimulator.Deploy.0 = Debug|Any CPU
		{2FC6A4D5-501D-49E2-9CCA-31D41F4B917B}.Debug|Any CPU.ActiveCfg = Debug|Any CPU
		{2FC6A4D5-501D-49E2-9CCA-31D41F4B917B}.Debug|Any CPU.Build.0 = Debug|Any CPU
		{2FC6A4D5-501D-49E2-9CCA-31D41F4B917B}.Debug|Any CPU.Deploy.0 = Debug|Any CPU
		{2FC6A4D5-501D-49E2-9CCA-31D41F4B917B}.Debug|iPhone.ActiveCfg = Debug|Any CPU
		{2FC6A4D5-501D-49E2-9CCA-31D41F4B917B}.Debug|iPhone.Build.0 = Debug|Any CPU
		{2FC6A4D5-501D-49E2-9CCA-31D41F4B917B}.Debug|iPhone.Deploy.0 = Debug|Any CPU
		{2FC6A4D5-501D-49E2-9CCA-31D41F4B917B}.Debug|iPhoneSimulator.ActiveCfg = Debug|Any CPU
		{2FC6A4D5-501D-49E2-9CCA-31D41F4B917B}.Debug|iPhoneSimulator.Build.0 = Debug|Any CPU
		{2FC6A4D5-501D-49E2-9CCA-31D41F4B917B}.Debug|iPhoneSimulator.Deploy.0 = Debug|Any CPU
		{2FC6A4D5-501D-49E2-9CCA-31D41F4B917B}.Release|Any CPU.ActiveCfg = Release|Any CPU
		{2FC6A4D5-501D-49E2-9CCA-31D41F4B917B}.Release|Any CPU.Build.0 = Release|Any CPU
		{2FC6A4D5-501D-49E2-9CCA-31D41F4B917B}.Release|Any CPU.Deploy.0 = Release|Any CPU
		{2FC6A4D5-501D-49E2-9CCA-31D41F4B917B}.Release|iPhone.ActiveCfg = Release|Any CPU
		{2FC6A4D5-501D-49E2-9CCA-31D41F4B917B}.Release|iPhone.Build.0 = Release|Any CPU
		{2FC6A4D5-501D-49E2-9CCA-31D41F4B917B}.Release|iPhone.Deploy.0 = Release|Any CPU
		{2FC6A4D5-501D-49E2-9CCA-31D41F4B917B}.Release|iPhoneSimulator.ActiveCfg = Release|Any CPU
		{2FC6A4D5-501D-49E2-9CCA-31D41F4B917B}.Release|iPhoneSimulator.Build.0 = Release|Any CPU
		{2FC6A4D5-501D-49E2-9CCA-31D41F4B917B}.Release|iPhoneSimulator.Deploy.0 = Release|Any CPU
	EndGlobalSection
	GlobalSection(SolutionProperties) = preSolution
		HideSolutionNode = FALSE
	EndGlobalSection
	GlobalSection(ExtensibilityGlobals) = postSolution
		SolutionGuid = {536CCF28-46C5-4181-AAFF-EA9686C3F428}
	EndGlobalSection
EndGlobal
